# THIS IS AN AUTOGENERATED FILE. DO NOT EDIT THIS FILE DIRECTLY.
# yarn lockfile v1


aws-jwt-verify@^2.1.1:
  version "2.1.1"
  resolved "https://registry.npmjs.org/aws-jwt-verify/-/aws-jwt-verify-2.1.1.tgz"
  integrity sha512-Yh7Sff1UjVXx0weypFxL3+cYY9WRArSc98xw2apewKXkc4AIiKe4RJwnp1kc5aQxBQu3j/EM2o6DDVnPvQKUMw==
